
Microsoft Visual Studio Solution File, Format Version 12.00
# Visual Studio 15
VisualStudioVersion = 15.0.28010.2036
MinimumVisualStudioVersion = 10.0.40219.1
Project("{FAE04EC0-301F-11D3-BF4B-00C04F79EFBC}") = "CG_Lab3", "CG_Lab3\CG_Lab3.csproj", "{7BFFA543-4D4A-498E-8AA0-3146DE420263}"
EndProject
Global
	GlobalSection(SolutionConfigurationPlatforms) = preSolution
		Debug|Any CPU = Debug|Any CPU
		Release|Any CPU = Release|Any CPU
	EndGlobalSection
	GlobalSection(ProjectConfigurationPlatforms) = postSolution
		{7BFFA543-4D4A-498E-8AA0-3146DE420263}.Debug|Any CPU.ActiveCfg = Debug|Any CPU
		{7BFFA543-4D4A-498E-8AA0-3146DE420263}.Debug|Any CPU.Build.0 = Debug|Any CPU
		{7BFFA543-4D4A-498E-8AA0-3146DE420263}.Release|Any CPU.ActiveCfg = Release|Any CPU
		{7BFFA543-4D4A-498E-8AA0-3146DE420263}.Release|Any CPU.Build.0 = Release|Any CPU
	EndGlobalSection
	GlobalSection(SolutionProperties) = preSolution
		HideSolutionNode = FALSE
	EndGlobalSection
	GlobalSection(ExtensibilityGlobals) = postSolution
		SolutionGuid = {2580E063-4BDA-4471-B710-A18635422644}
	EndGlobalSection
EndGlobal
